PODS:
  - Patch (0.0.1)
  - ReactiveCocoa (2.5):
    - ReactiveCocoa/UI (= 2.5)
  - ReactiveCocoa/Core (2.5):
    - ReactiveCocoa/no-arc
  - ReactiveCocoa/no-arc (2.5)
  - ReactiveCocoa/UI (2.5):
    - ReactiveCocoa/Core

DEPENDENCIES:
  - Patch (from `./Patch/Patch.podspec`)
  - ReactiveCocoa (= 2.5)

EXTERNAL SOURCES:
  Patch:
    :path: ./Patch/Patch.podspec

SPEC CHECKSUMS:
  Patch: 089e30d4e4dc3f3e8a345a8e1b90cf193305db91
  ReactiveCocoa: e2db045570aa97c695e7aa97c2bcab222ae51f4a

PODFILE CHECKSUM: 525a76ad54baf8dc6612c785831581ffbebf76da

COCOAPODS: 1.3.1
