// !$*UTF8*$!
{
	archiveVersion = 1;
	classes = {
	};
	objectVersion = 48;
	objects = {

/* Begin PBXBuildFile section */
		3E147A182053690900A0A834 /* AppDelegate.m in Sources */ = {isa = PBXBuildFile; fileRef = 3E147A172053690900A0A834 /* AppDelegate.m */; };
		3E147A1B2053690900A0A834 /* ViewController.m in Sources */ = {isa = PBXBuildFile; fileRef = 3E147A1A2053690900A0A834 /* ViewController.m */; };
		3E147A1E2053690900A0A834 /* Main.storyboard in Resources */ = {isa = PBXBuildFile; fileRef = 3E147A1C2053690900A0A834 /* Main.storyboard */; };
		3E147A202053690900A0A834 /* Assets.xcassets in Resources */ = {isa = PBXBuildFile; fileRef = 3E147A1F2053690900A0A834 /* Assets.xcassets */; };
		3E147A232053690900A0A834 /* LaunchScreen.storyboard in Resources */ = {isa = PBXBuildFile; fileRef = 3E147A212053690900A0A834 /* LaunchScreen.storyboard */; };
		3E147A262053690A00A0A834 /* main.m in Sources */ = {isa = PBXBuildFile; fileRef = 3E147A252053690A00A0A834 /* main.m */; };
		3E147A332053B70400A0A834 /* bundle.js in Resources */ = {isa = PBXBuildFile; fileRef = 3E147A322053B70400A0A834 /* bundle.js */; };
		CA40A380CDD0D87EC242EB34 /* libPods-PatchDemo.a in Frameworks */ = {isa = PBXBuildFile; fileRef = 6EC49E871FCA75290B1FF6D1 /* libPods-PatchDemo.a */; };
/* End PBXBuildFile section */

/* Begin PBXFileReference section */
		3E147A132053690900A0A834 /* PatchDemo.app */ = {isa = PBXFileReference; explicitFileType = wrapper.application; includeInIndex = 0; path = PatchDemo.app; sourceTree = BUILT_PRODUCTS_DIR; };
		3E147A162053690900A0A834 /* AppDelegate.h */ = {isa = PBXFileReference; lastKnownFileType = sourcecode.c.h; path = AppDelegate.h; sourceTree = "<group>"; };
		3E147A172053690900A0A834 /* AppDelegate.m */ = {isa = PBXFileReference; lastKnownFileType = sourcecode.c.objc; path = AppDelegate.m; sourceTree = "<group>"; };
		3E147A192053690900A0A834 /* ViewController.h */ = {isa = PBXFileReference; lastKnownFileType = sourcecode.c.h; path = ViewController.h; sourceTree = "<group>"; };
		3E147A1A2053690900A0A834 /* ViewController.m */ = {isa = PBXFileReference; lastKnownFileType = sourcecode.c.objc; path = ViewController.m; sourceTree = "<group>"; };
		3E147A1D2053690900A0A834 /* Base */ = {isa = PBXFileReference; lastKnownFileType = file.storyboard; name = Base; path = Base.lproj/Main.storyboard; sourceTree = "<group>"; };
		3E147A1F2053690900A0A834 /* Assets.xcassets */ = {isa = PBXFileReference; lastKnownFileType = folder.assetcatalog; path = Assets.xcassets; sourceTree = "<group>"; };
		3E147A222053690900A0A834 /* Base */ = {isa = PBXFileReference; lastKnownFileType = file.storyboard; name = Base; path = Base.lproj/LaunchScreen.storyboard; sourceTree = "<group>"; };
		3E147A242053690A00A0A834 /* Info.plist */ = {isa = PBXFileReference; lastKnownFileType = text.plist.xml; path = Info.plist; sourceTree = "<group>"; };
		3E147A252053690A00A0A834 /* main.m */ = {isa = PBXFileReference; lastKnownFileType = sourcecode.c.objc; path = main.m; sourceTree = "<group>"; };
		3E147A322053B70400A0A834 /* bundle.js */ = {isa = PBXFileReference; fileEncoding = 4; lastKnownFileType = sourcecode.javascript; path = bundle.js; sourceTree = "<group>"; };
		43C38FCB319D58FF03705A9C /* Pods-PatchDemo.release.xcconfig */ = {isa = PBXFileReference; includeInIndex = 1; lastKnownFileType = text.xcconfig; name = "Pods-PatchDemo.release.xcconfig"; path = "Pods/Target Support Files/Pods-PatchDemo/Pods-PatchDemo.release.xcconfig"; sourceTree = "<group>"; };
		6EC49E871FCA75290B1FF6D1 /* libPods-PatchDemo.a */ = {isa = PBXFileReference; explicitFileType = archive.ar; includeInIndex = 0; path = "libPods-PatchDemo.a"; sourceTree = BUILT_PRODUCTS_DIR; };
		76F283BC8B887B04EBBD7764 /* Pods-PatchDemo.debug.xcconfig */ = {isa = PBXFileReference; includeInIndex = 1; lastKnownFileType = text.xcconfig; name = "Pods-PatchDemo.debug.xcconfig"; path = "Pods/Target Support Files/Pods-PatchDemo/Pods-PatchDemo.debug.xcconfig"; sourceTree = "<group>"; };
/* End PBXFileReference section */

/* Begin PBXFrameworksBuildPhase section */
		3E147A102053690900A0A834 /* Frameworks */ = {
			isa = PBXFrameworksBuildPhase;
			buildActionMask = 2147483647;
			files = (
				CA40A380CDD0D87EC242EB34 /* libPods-PatchDemo.a in Frameworks */,
			);
			runOnlyForDeploymentPostprocessing = 0;
		};
/* End PBXFrameworksBuildPhase section */

/* Begin PBXGroup section */
		3E147A0A2053690900A0A834 = {
			isa = PBXGroup;
			children = (
				3E147A152053690900A0A834 /* PatchDemo */,
				3E147A142053690900A0A834 /* Products */,
				B3D8C508473DB23558BB0FAA /* Pods */,
				73B8E6F0CE462F4C6DDE45CD /* Frameworks */,
			);
			sourceTree = "<group>";
		};
		3E147A142053690900A0A834 /* Products */ = {
			isa = PBXGroup;
			children = (
				3E147A132053690900A0A834 /* PatchDemo.app */,
			);
			name = Products;
			sourceTree = "<group>";
		};
		3E147A152053690900A0A834 /* PatchDemo */ = {
			isa = PBXGroup;
			children = (
				3E147A162053690900A0A834 /* AppDelegate.h */,
				3E147A172053690900A0A834 /* AppDelegate.m */,
				3E147A192053690900A0A834 /* ViewController.h */,
				3E147A1A2053690900A0A834 /* ViewController.m */,
				3E147A322053B70400A0A834 /* bundle.js */,
				3E147A1C2053690900A0A834 /* Main.storyboard */,
				3E147A1F2053690900A0A834 /* Assets.xcassets */,
				3E147A212053690900A0A834 /* LaunchScreen.storyboard */,
				3E147A242053690A00A0A834 /* Info.plist */,
				3E147A252053690A00A0A834 /* main.m */,
			);
			path = PatchDemo;
			sourceTree = "<group>";
		};
		73B8E6F0CE462F4C6DDE45CD /* Frameworks */ = {
			isa = PBXGroup;
			children = (
				6EC49E871FCA75290B1FF6D1 /* libPods-PatchDemo.a */,
			);
			name = Frameworks;
			sourceTree = "<group>";
		};
		B3D8C508473DB23558BB0FAA /* Pods */ = {
			isa = PBXGroup;
			children = (
				76F283BC8B887B04EBBD7764 /* Pods-PatchDemo.debug.xcconfig */,
				43C38FCB319D58FF03705A9C /* Pods-PatchDemo.release.xcconfig */,
			);
			name = Pods;
			sourceTree = "<group>";
		};
/* End PBXGroup section */

/* Begin PBXNativeTarget section */
		3E147A122053690900A0A834 /* PatchDemo */ = {
			isa = PBXNativeTarget;
			buildConfigurationList = 3E147A292053690A00A0A834 /* Build configuration list for PBXNativeTarget "PatchDemo" */;
			buildPhases = (
				05D271F6DBE1731B900E2787 /* [CP] Check Pods Manifest.lock */,
				3E147A0F2053690900A0A834 /* Sources */,
				3E147A102053690900A0A834 /* Frameworks */,
				3E147A112053690900A0A834 /* Resources */,
				840FAFDF610D5CB662B6FA71 /* [CP] Embed Pods Frameworks */,
				9D6F769A2C24FC39AF4322C4 /* [CP] Copy Pods Resources */,
			);
			buildRules = (
			);
			dependencies = (
			);
			name = PatchDemo;
			productName = PatchDemo;
			productReference = 3E147A132053690900A0A834 /* PatchDemo.app */;
			productType = "com.apple.product-type.application";
		};
/* End PBXNativeTarget section */

/* Begin PBXProject section */
		3E147A0B2053690900A0A834 /* Project object */ = {
			isa = PBXProject;
			attributes = {
				LastUpgradeCheck = 0920;
				ORGANIZATIONNAME = mino;
				TargetAttributes = {
					3E147A122053690900A0A834 = {
						CreatedOnToolsVersion = 9.2;
						ProvisioningStyle = Automatic;
					};
				};
			};
			buildConfigurationList = 3E147A0E2053690900A0A834 /* Build configuration list for PBXProject "PatchDemo" */;
			compatibilityVersion = "Xcode 8.0";
			developmentRegion = en;
			hasScannedForEncodings = 0;
			knownRegions = (
				en,
				Base,
			);
			mainGroup = 3E147A0A2053690900A0A834;
			productRefGroup = 3E147A142053690900A0A834 /* Products */;
			projectDirPath = "";
			projectRoot = "";
			targets = (
				3E147A122053690900A0A834 /* PatchDemo */,
			);
		};
/* End PBXProject section */

/* Begin PBXResourcesBuildPhase section */
		3E147A112053690900A0A834 /* Resources */ = {
			isa = PBXResourcesBuildPhase;
			buildActionMask = 2147483647;
			files = (
				3E147A232053690900A0A834 /* LaunchScreen.storyboard in Resources */,
				3E147A202053690900A0A834 /* Assets.xcassets in Resources */,
				3E147A332053B70400A0A834 /* bundle.js in Resources */,
				3E147A1E2053690900A0A834 /* Main.storyboard in Resources */,
			);
			runOnlyForDeploymentPostprocessing = 0;
		};
/* End PBXResourcesBuildPhase section */

/* Begin PBXShellScriptBuildPhase section */
		05D271F6DBE1731B900E2787 /* [CP] Check Pods Manifest.lock */ = {
			isa = PBXShellScriptBuildPhase;
			buildActionMask = 2147483647;
			files = (
			);
			inputPaths = (
				"${PODS_PODFILE_DIR_PATH}/Podfile.lock",
				"${PODS_ROOT}/Manifest.lock",
			);
			name = "[CP] Check Pods Manifest.lock";
			outputPaths = (
				"$(DERIVED_FILE_DIR)/Pods-PatchDemo-checkManifestLockResult.txt",
			);
			runOnlyForDeploymentPostprocessing = 0;
			shellPath = /bin/sh;
			shellScript = "diff \"${PODS_PODFILE_DIR_PATH}/Podfile.lock\" \"${PODS_ROOT}/Manifest.lock\" > /dev/null\nif [ $? != 0 ] ; then\n    # print error to STDERR\n    echo \"error: The sandbox is not in sync with the Podfile.lock. Run 'pod install' or update your CocoaPods installation.\" >&2\n    exit 1\nfi\n# This output is used by Xcode 'outputs' to avoid re-running this script phase.\necho \"SUCCESS\" > \"${SCRIPT_OUTPUT_FILE_0}\"\n";
			showEnvVarsInLog = 0;
		};
		840FAFDF610D5CB662B6FA71 /* [CP] Embed Pods Frameworks */ = {
			isa = PBXShellScriptBuildPhase;
			buildActionMask = 2147483647;
			files = (
			);
			inputPaths = (
			);
			name = "[CP] Embed Pods Frameworks";
			outputPaths = (
			);
			runOnlyForDeploymentPostprocessing = 0;
			shellPath = /bin/sh;
			shellScript = "\"${SRCROOT}/Pods/Target Support Files/Pods-PatchDemo/Pods-PatchDemo-frameworks.sh\"\n";
			showEnvVarsInLog = 0;
		};
		9D6F769A2C24FC39AF4322C4 /* [CP] Copy Pods Resources */ = {
			isa = PBXShellScriptBuildPhase;
			buildActionMask = 2147483647;
			files = (
			);
			inputPaths = (
			);
			name = "[CP] Copy Pods Resources";
			outputPaths = (
			);
			runOnlyForDeploymentPostprocessing = 0;
			shellPath = /bin/sh;
			shellScript = "\"${SRCROOT}/Pods/Target Support Files/Pods-PatchDemo/Pods-PatchDemo-resources.sh\"\n";
			showEnvVarsInLog = 0;
		};
/* End PBXShellScriptBuildPhase section */

/* Begin PBXSourcesBuildPhase section */
		3E147A0F2053690900A0A834 /* Sources */ = {
			isa = PBXSourcesBuildPhase;
			buildActionMask = 2147483647;
			files = (
				3E147A1B2053690900A0A834 /* ViewController.m in Sources */,
				3E147A262053690A00A0A834 /* main.m in Sources */,
				3E147A182053690900A0A834 /* AppDelegate.m in Sources */,
			);
			runOnlyForDeploymentPostprocessing = 0;
		};
/* End PBXSourcesBuildPhase section */

/* Begin PBXVariantGroup section */
		3E147A1C2053690900A0A834 /* Main.storyboard */ = {
			isa = PBXVariantGroup;
			children = (
				3E147A1D2053690900A0A834 /* Base */,
			);
			name = Main.storyboard;
			sourceTree = "<group>";
		};
		3E147A212053690900A0A834 /* LaunchScreen.storyboard */ = {
			isa = PBXVariantGroup;
			children = (
				3E147A222053690900A0A834 /* Base */,
			);
			name = LaunchScreen.storyboard;
			sourceTree = "<group>";
		};
/* End PBXVariantGroup section */

/* Begin XCBuildConfiguration section */
		3E147A272053690A00A0A834 /* Debug */ = {
			isa = XCBuildConfiguration;
			buildSettings = {
				ALWAYS_SEARCH_USER_PATHS = NO;
				CLANG_ANALYZER_NONNULL = YES;
				CLANG_ANALYZER_NUMBER_OBJECT_CONVERSION = YES_AGGRESSIVE;
				CLANG_CXX_LANGUAGE_STANDARD = "gnu++14";
				CLANG_CXX_LIBRARY = "libc++";
				CLANG_ENABLE_MODULES = YES;
				CLANG_ENABLE_OBJC_ARC = YES;
				CLANG_WARN_BLOCK_CAPTURE_AUTORELEASING = YES;
				CLANG_WARN_BOOL_CONVERSION = YES;
				CLANG_WARN_COMMA = YES;
				CLANG_WARN_CONSTANT_CONVERSION = YES;
				CLANG_WARN_DIRECT_OBJC_ISA_USAGE = YES_ERROR;
				CLANG_WARN_DOCUMENTATION_COMMENTS = YES;
				CLANG_WARN_EMPTY_BODY = YES;
				CLANG_WARN_ENUM_CONVERSION = YES;
				CLANG_WARN_INFINITE_RECURSION = YES;
				CLANG_WARN_INT_CONVERSION = YES;
				CLANG_WARN_NON_LITERAL_NULL_CONVERSION = YES;
				CLANG_WARN_OBJC_LITERAL_CONVERSION = YES;
				CLANG_WARN_OBJC_ROOT_CLASS = YES_ERROR;
				CLANG_WARN_RANGE_LOOP_ANALYSIS = YES;
				CLANG_WARN_STRICT_PROTOTYPES = YES;
				CLANG_WARN_SUSPICIOUS_MOVE = YES;
				CLANG_WARN_UNGUARDED_AVAILABILITY = YES_AGGRESSIVE;
				CLANG_WARN_UNREACHABLE_CODE = YES;
				CLANG_WARN__DUPLICATE_METHOD_MATCH = YES;
				CODE_SIGN_IDENTITY = "iPhone Developer";
				COPY_PHASE_STRIP = NO;
				DEBUG_INFORMATION_FORMAT = dwarf;
				ENABLE_STRICT_OBJC_MSGSEND = YES;
				ENABLE_TESTABILITY = YES;
				GCC_C_LANGUAGE_STANDARD = gnu11;
				GCC_DYNAMIC_NO_PIC = NO;
				GCC_NO_COMMON_BLOCKS = YES;
				GCC_OPTIMIZATION_LEVEL = 0;
				GCC_PREPROCESSOR_DEFINITIONS = (
					"DEBUG=1",
					"$(inherited)",
				);
				GCC_WARN_64_TO_32_BIT_CONVERSION = YES;
				GCC_WARN_ABOUT_RETURN_TYPE = YES_ERROR;
				GCC_WARN_UNDECLARED_SELECTOR = YES;
				GCC_WARN_UNINITIALIZED_AUTOS = YES_AGGRESSIVE;
				GCC_WARN_UNUSED_FUNCTION = YES;
				GCC_WARN_UNUSED_VARIABLE = YES;
				IPHONEOS_DEPLOYMENT_TARGET = 8.0;
				MTL_ENABLE_DEBUG_INFO = YES;
				ONLY_ACTIVE_ARCH = YES;
				SDKROOT = iphoneos;
			};
			name = Debug;
		};
		3E147A282053690A00A0A834 /* Release */ = {
			isa = XCBuildConfiguration;
			buildSettings = {
				ALWAYS_SEARCH_USER_PATHS = NO;
				CLANG_ANALYZER_NONNULL = YES;
				CLANG_ANALYZER_NUMBER_OBJECT_CONVERSION = YES_AGGRESSIVE;
				CLANG_CXX_LANGUAGE_STANDARD = "gnu++14";
				CLANG_CXX_LIBRARY = "libc++";
				CLANG_ENABLE_MODULES = YES;
				CLANG_ENABLE_OBJC_ARC = YES;
				CLANG_WARN_BLOCK_CAPTURE_AUTORELEASING = YES;
				CLANG_WARN_BOOL_CONVERSION = YES;
				CLANG_WARN_COMMA = YES;
				CLANG_WARN_CONSTANT_CONVERSION = YES;
				CLANG_WARN_DIRECT_OBJC_ISA_USAGE = YES_ERROR;
				CLANG_WARN_DOCUMENTATION_COMMENTS = YES;
				CLANG_WARN_EMPTY_BODY = YES;
				CLANG_WARN_ENUM_CONVERSION = YES;
				CLANG_WARN_INFINITE_RECURSION = YES;
				CLANG_WARN_INT_CONVERSION = YES;
				CLANG_WARN_NON_LITERAL_NULL_CONVERSION = YES;
				CLANG_WARN_OBJC_LITERAL_CONVERSION = YES;
				CLANG_WARN_OBJC_ROOT_CLASS = YES_ERROR;
				CLANG_WARN_RANGE_LOOP_ANALYSIS = YES;
				CLANG_WARN_STRICT_PROTOTYPES = YES;
				CLANG_WARN_SUSPICIOUS_MOVE = YES;
				CLANG_WARN_UNGUARDED_AVAILABILITY = YES_AGGRESSIVE;
				CLANG_WARN_UNREACHABLE_CODE = YES;
				CLANG_WARN__DUPLICATE_METHOD_MATCH = YES;
				CODE_SIGN_IDENTITY = "iPhone Developer";
				COPY_PHASE_STRIP = NO;
				DEBUG_INFORMATION_FORMAT = "dwarf-with-dsym";
				ENABLE_NS_ASSERTIONS = NO;
				ENABLE_STRICT_OBJC_MSGSEND = YES;
				GCC_C_LANGUAGE_STANDARD = gnu11;
				GCC_NO_COMMON_BLOCKS = YES;
				GCC_WARN_64_TO_32_BIT_CONVERSION = YES;
				GCC_WARN_ABOUT_RETURN_TYPE = YES_ERROR;
				GCC_WARN_UNDECLARED_SELECTOR = YES;
				GCC_WARN_UNINITIALIZED_AUTOS = YES_AGGRESSIVE;
				GCC_WARN_UNUSED_FUNCTION = YES;
				GCC_WARN_UNUSED_VARIABLE = YES;
				IPHONEOS_DEPLOYMENT_TARGET = 8.0;
				MTL_ENABLE_DEBUG_INFO = NO;
				SDKROOT = iphoneos;
				VALIDATE_PRODUCT = YES;
			};
			name = Release;
		};
		3E147A2A2053690A00A0A834 /* Debug */ = {
			isa = XCBuildConfiguration;
			baseConfigurationReference = 76F283BC8B887B04EBBD7764 /* Pods-PatchDemo.debug.xcconfig */;
			buildSettings = {
				ASSETCATALOG_COMPILER_APPICON_NAME = AppIcon;
				CODE_SIGN_STYLE = Automatic;
				INFOPLIST_FILE = PatchDemo/Info.plist;
				IPHONEOS_DEPLOYMENT_TARGET = 9.0;
				LD_RUNPATH_SEARCH_PATHS = "$(inherited) @executable_path/Frameworks";
				PRODUCT_BUNDLE_IDENTIFIER = com.oriente.PatchDemo;
				PRODUCT_NAME = "$(TARGET_NAME)";
				TARGETED_DEVICE_FAMILY = "1,2";
			};
			name = Debug;
		};
		3E147A2B2053690A00A0A834 /* Release */ = {
			isa = XCBuildConfiguration;
			baseConfigurationReference = 43C38FCB319D58FF03705A9C /* Pods-PatchDemo.release.xcconfig */;
			buildSettings = {
				ASSETCATALOG_COMPILER_APPICON_NAME = AppIcon;
				CODE_SIGN_STYLE = Automatic;
				INFOPLIST_FILE = PatchDemo/Info.plist;
				IPHONEOS_DEPLOYMENT_TARGET = 9.0;
				LD_RUNPATH_SEARCH_PATHS = "$(inherited) @executable_path/Frameworks";
				PRODUCT_BUNDLE_IDENTIFIER = com.oriente.PatchDemo;
				PRODUCT_NAME = "$(TARGET_NAME)";
				TARGETED_DEVICE_FAMILY = "1,2";
			};
			name = Release;
		};
/* End XCBuildConfiguration section */

/* Begin XCConfigurationList section */
		3E147A0E2053690900A0A834 /* Build configuration list for PBXProject "PatchDemo" */ = {
			isa = XCConfigurationList;
			buildConfigurations = (
				3E147A272053690A00A0A834 /* Debug */,
				3E147A282053690A00A0A834 /* Release */,
			);
			defaultConfigurationIsVisible = 0;
			defaultConfigurationName = Release;
		};
		3E147A292053690A00A0A834 /* Build configuration list for PBXNativeTarget "PatchDemo" */ = {
			isa = XCConfigurationList;
			buildConfigurations = (
				3E147A2A2053690A00A0A834 /* Debug */,
				3E147A2B2053690A00A0A834 /* Release */,
			);
			defaultConfigurationIsVisible = 0;
			defaultConfigurationName = Release;
		};
/* End XCConfigurationList section */
	};
	rootObject = 3E147A0B2053690900A0A834 /* Project object */;
}
